
Microsoft Visual Studio Solution File, Format Version 12.00
# Visual Studio Version 16
VisualStudioVersion = 16.0.30907.101
MinimumVisualStudioVersion = 10.0.40219.1
Project("{FAE04EC0-301F-11D3-BF4B-00C04F79EFBC}") = "SimpleSample.UWP", "SimpleSample.UWP\SimpleSample.UWP.csproj", "{AA5E013E-FDBF-47E4-95C0-66ABAC4517F5}"
EndProject
Project("{FAE04EC0-301F-11D3-BF4B-00C04F79EFBC}") = "SimpleSample.Android", "SimpleSample.Android\SimpleSample.Android.csproj", "{AB723464-F98A-47CB-8D8D-C0460C55A41E}"
EndProject
Project("{FAE04EC0-301F-11D3-BF4B-00C04F79EFBC}") = "SimpleSample.iOS", "SimpleSample.iOS\SimpleSample.iOS.csproj", "{BB55B610-5586-412C-ACA2-1BC569B88943}"
EndProject
Project("{FAE04EC0-301F-11D3-BF4B-00C04F79EFBC}") = "SimpleSample", "SimpleSample\SimpleSample.csproj", "{FD4E6051-F2B4-4776-9AC4-E7F296C86813}"
EndProject
Global
	GlobalSection(SolutionConfigurationPlatforms) = preSolution
		Debug|Any CPU = Debug|Any CPU
		Debug|ARM = Debug|ARM
		Debug|iPhone = Debug|iPhone
		Debug|iPhoneSimulator = Debug|iPhoneSimulator
		Debug|x64 = Debug|x64
		Debug|x86 = Debug|x86
		Release|Any CPU = Release|Any CPU
		Release|ARM = Release|ARM
		Release|iPhone = Release|iPhone
		Release|iPhoneSimulator = Release|iPhoneSimulator
		Release|x64 = Release|x64
		Release|x86 = Release|x86
	EndGlobalSection
	GlobalSection(ProjectConfigurationPlatforms) = postSolution
		{AA5E013E-FDBF-47E4-95C0-66ABAC4517F5}.Debug|Any CPU.ActiveCfg = Debug|x86
		{AA5E013E-FDBF-47E4-95C0-66ABAC4517F5}.Debug|Any CPU.Build.0 = Debug|x86
		{AA5E013E-FDBF-47E4-95C0-66ABAC4517F5}.Debug|Any CPU.Deploy.0 = Debug|x86
		{AA5E013E-FDBF-47E4-95C0-66ABAC4517F5}.Debug|ARM.ActiveCfg = Debug|ARM
		{AA5E013E-FDBF-47E4-95C0-66ABAC4517F5}.Debug|ARM.Build.0 = Debug|ARM
		{AA5E013E-FDBF-47E4-95C0-66ABAC4517F5}.Debug|ARM.Deploy.0 = Debug|ARM
		{AA5E013E-FDBF-47E4-95C0-66ABAC4517F5}.Debug|iPhone.ActiveCfg = Debug|x86
		{AA5E013E-FDBF-47E4-95C0-66ABAC4517F5}.Debug|iPhone.Build.0 = Debug|x86
		{AA5E013E-FDBF-47E4-95C0-66ABAC4517F5}.Debug|iPhone.Deploy.0 = Debug|x86
		{AA5E013E-FDBF-47E4-95C0-66ABAC4517F5}.Debug|iPhoneSimulator.ActiveCfg = Debug|x86
		{AA5E013E-FDBF-47E4-95C0-66ABAC4517F5}.Debug|iPhoneSimulator.Build.0 = Debug|x86
		{AA5E013E-FDBF-47E4-95C0-66ABAC4517F5}.Debug|iPhoneSimulator.Deploy.0 = Debug|x86
		{AA5E013E-FDBF-47E4-95C0-66ABAC4517F5}.Debug|x64.ActiveCfg = Debug|x64
		{AA5E013E-FDBF-47E4-95C0-66ABAC4517F5}.Debug|x64.Build.0 = Debug|x64
		{AA5E013E-FDBF-47E4-95C0-66ABAC4517F5}.Debug|x64.Deploy.0 = Debug|x64
		{AA5E013E-FDBF-47E4-95C0-66ABAC4517F5}.Debug|x86.ActiveCfg = Debug|x86
		{AA5E013E-FDBF-47E4-95C0-66ABAC4517F5}.Debug|x86.Build.0 = Debug|x86
		{AA5E013E-FDBF-47E4-95C0-66ABAC4517F5}.Debug|x86.Deploy.0 = Debug|x86
		{AA5E013E-FDBF-47E4-95C0-66ABAC4517F5}.Release|Any CPU.ActiveCfg = Release|x86
		{AA5E013E-FDBF-47E4-95C0-66ABAC4517F5}.Release|Any CPU.Build.0 = Release|x86
		{AA5E013E-FDBF-47E4-95C0-66ABAC4517F5}.Release|Any CPU.Deploy.0 = Release|x86
		{AA5E013E-FDBF-47E4-95C0-66ABAC4517F5}.Release|ARM.ActiveCfg = Release|ARM
		{AA5E013E-FDBF-47E4-95C0-66ABAC4517F5}.Release|ARM.Build.0 = Release|ARM
		{AA5E013E-FDBF-47E4-95C0-66ABAC4517F5}.Release|ARM.Deploy.0 = Release|ARM
		{AA5E013E-FDBF-47E4-95C0-66ABAC4517F5}.Release|iPhone.ActiveCfg = Release|x86
		{AA5E013E-FDBF-47E4-95C0-66ABAC4517F5}.Release|iPhone.Build.0 = Release|x86
		{AA5E013E-FDBF-47E4-95C0-66ABAC4517F5}.Release|iPhone.Deploy.0 = Release|x86
		{AA5E013E-FDBF-47E4-95C0-66ABAC4517F5}.Release|iPhoneSimulator.ActiveCfg = Release|x86
		{AA5E013E-FDBF-47E4-95C0-66ABAC4517F5}.Release|iPhoneSimulator.Build.0 = Release|x86
		{AA5E013E-FDBF-47E4-95C0-66ABAC4517F5}.Release|iPhoneSimulator.Deploy.0 = Release|x86
		{AA5E013E-FDBF-47E4-95C0-66ABAC4517F5}.Release|x64.ActiveCfg = Release|x64
		{AA5E013E-FDBF-47E4-95C0-66ABAC4517F5}.Release|x64.Build.0 = Release|x64
		{AA5E013E-FDBF-47E4-95C0-66ABAC4517F5}.Release|x64.Deploy.0 = Release|x64
		{AA5E013E-FDBF-47E4-95C0-66ABAC4517F5}.Release|x86.ActiveCfg = Release|x86
		{AA5E013E-FDBF-47E4-95C0-66ABAC4517F5}.Release|x86.Build.0 = Release|x86
		{AA5E013E-FDBF-47E4-95C0-66ABAC4517F5}.Release|x86.Deploy.0 = Release|x86
		{AB723464-F98A-47CB-8D8D-C0460C55A41E}.Debug|Any CPU.ActiveCfg = Debug|Any CPU
		{AB723464-F98A-47CB-8D8D-C0460C55A41E}.Debug|Any CPU.Build.0 = Debug|Any CPU
		{AB723464-F98A-47CB-8D8D-C0460C55A41E}.Debug|Any CPU.Deploy.0 = Debug|Any CPU
		{AB723464-F98A-47CB-8D8D-C0460C55A41E}.Debug|ARM.ActiveCfg = Debug|Any CPU
		{AB723464-F98A-47CB-8D8D-C0460C55A41E}.Debug|ARM.Build.0 = Debug|Any CPU
		{AB723464-F98A-47CB-8D8D-C0460C55A41E}.Debug|ARM.Deploy.0 = Debug|Any CPU
		{AB723464-F98A-47CB-8D8D-C0460C55A41E}.Debug|iPhone.ActiveCfg = Debug|Any CPU
		{AB723464-F98A-47CB-8D8D-C0460C55A41E}.Debug|iPhone.Build.0 = Debug|Any CPU
		{AB723464-F98A-47CB-8D8D-C0460C55A41E}.Debug|iPhone.Deploy.0 = Debug|Any CPU
		{AB723464-F98A-47CB-8D8D-C0460C55A41E}.Debug|iPhoneSimulator.ActiveCfg = Debug|Any CPU
		{AB723464-F98A-47CB-8D8D-C0460C55A41E}.Debug|iPhoneSimulator.Build.0 = Debug|Any CPU
		{AB723464-F98A-47CB-8D8D-C0460C55A41E}.Debug|iPhoneSimulator.Deploy.0 = Debug|Any CPU
		{AB723464-F98A-47CB-8D8D-C0460C55A41E}.Debug|x64.ActiveCfg = Debug|Any CPU
		{AB723464-F98A-47CB-8D8D-C0460C55A41E}.Debug|x64.Build.0 = Debug|Any CPU
		{AB723464-F98A-47CB-8D8D-C0460C55A41E}.Debug|x64.Deploy.0 = Debug|Any CPU
		{AB723464-F98A-47CB-8D8D-C0460C55A41E}.Debug|x86.ActiveCfg = Debug|Any CPU
		{AB723464-F98A-47CB-8D8D-C0460C55A41E}.Debug|x86.Build.0 = Debug|Any CPU
		{AB723464-F98A-47CB-8D8D-C0460C55A41E}.Debug|x86.Deploy.0 = Debug|Any CPU
		{AB723464-F98A-47CB-8D8D-C0460C55A41E}.Release|Any CPU.ActiveCfg = Release|Any CPU
		{AB723464-F98A-47CB-8D8D-C0460C55A41E}.Release|Any CPU.Build.0 = Release|Any CPU
		{AB723464-F98A-47CB-8D8D-C0460C55A41E}.Release|Any CPU.Deploy.0 = Release|Any CPU
		{AB723464-F98A-47CB-8D8D-C0460C55A41E}.Release|ARM.ActiveCfg = Release|Any CPU
		{AB723464-F98A-47CB-8D8D-C0460C55A41E}.Release|ARM.Build.0 = Release|Any CPU
		{AB723464-F98A-47CB-8D8D-C0460C55A41E}.Release|ARM.Deploy.0 = Release|Any CPU
		{AB723464-F98A-47CB-8D8D-C0460C55A41E}.Release|iPhone.ActiveCfg = Release|Any CPU
		{AB723464-F98A-47CB-8D8D-C0460C55A41E}.Release|iPhone.Build.0 = Release|Any CPU
		{AB723464-F98A-47CB-8D8D-C0460C55A41E}.Release|iPhone.Deploy.0 = Release|Any CPU
		{AB723464-F98A-47CB-8D8D-C0460C55A41E}.Release|iPhoneSimulator.ActiveCfg = Release|Any CPU
		{AB723464-F98A-47CB-8D8D-C0460C55A41E}.Release|iPhoneSimulator.Build.0 = Release|Any CPU
		{AB723464-F98A-47CB-8D8D-C0460C55A41E}.Release|iPhoneSimulator.Deploy.0 = Release|Any CPU
		{AB723464-F98A-47CB-8D8D-C0460C55A41E}.Release|x64.ActiveCfg = Release|Any CPU
		{AB723464-F98A-47CB-8D8D-C0460C55A41E}.Release|x64.Build.0 = Release|Any CPU
		{AB723464-F98A-47CB-8D8D-C0460C55A41E}.Release|x64.Deploy.0 = Release|Any CPU
		{AB723464-F98A-47CB-8D8D-C0460C55A41E}.Release|x86.ActiveCfg = Release|Any CPU
		{AB723464-F98A-47CB-8D8D-C0460C55A41E}.Release|x86.Build.0 = Release|Any CPU
		{AB723464-F98A-47CB-8D8D-C0460C55A41E}.Release|x86.Deploy.0 = Release|Any CPU
		{BB55B610-5586-412C-ACA2-1BC569B88943}.Debug|Any CPU.ActiveCfg = Debug|iPhoneSimulator
		{BB55B610-5586-412C-ACA2-1BC569B88943}.Debug|Any CPU.Build.0 = Debug|iPhoneSimulator
		{BB55B610-5586-412C-ACA2-1BC569B88943}.Debug|Any CPU.Deploy.0 = Debug|iPhoneSimulator
		{BB55B610-5586-412C-ACA2-1BC569B88943}.Debug|ARM.ActiveCfg = Debug|iPhone
		{BB55B610-5586-412C-ACA2-1BC569B88943}.Debug|ARM.Build.0 = Debug|iPhone
		{BB55B610-5586-412C-ACA2-1BC569B88943}.Debug|ARM.Deploy.0 = Debug|iPhone
		{BB55B610-5586-412C-ACA2-1BC569B88943}.Debug|iPhone.ActiveCfg = Debug|iPhone
		{BB55B610-5586-412C-ACA2-1BC569B88943}.Debug|iPhone.Build.0 = Debug|iPhone
		{BB55B610-5586-412C-ACA2-1BC569B88943}.Debug|iPhone.Deploy.0 = Debug|iPhone
		{BB55B610-5586-412C-ACA2-1BC569B88943}.Debug|iPhoneSimulator.ActiveCfg = Debug|iPhoneSimulator
		{BB55B610-5586-412C-ACA2-1BC569B88943}.Debug|iPhoneSimulator.Build.0 = Debug|iPhoneSimulator
		{BB55B610-5586-412C-ACA2-1BC569B88943}.Debug|iPhoneSimulator.Deploy.0 = Debug|iPhoneSimulator
		{BB55B610-5586-412C-ACA2-1BC569B88943}.Debug|x64.ActiveCfg = Debug|iPhoneSimulator
		{BB55B610-5586-412C-ACA2-1BC569B88943}.Debug|x64.Build.0 = Debug|iPhoneSimulator
		{BB55B610-5586-412C-ACA2-1BC569B88943}.Debug|x64.Deploy.0 = Debug|iPhoneSimulator
		{BB55B610-5586-412C-ACA2-1BC569B88943}.Debug|x86.ActiveCfg = Debug|iPhoneSimulator
		{BB55B610-5586-412C-ACA2-1BC569B88943}.Debug|x86.Build.0 = Debug|iPhoneSimulator
		{BB55B610-5586-412C-ACA2-1BC569B88943}.Debug|x86.Deploy.0 = Debug|iPhoneSimulator
		{BB55B610-5586-412C-ACA2-1BC569B88943}.Release|Any CPU.ActiveCfg = Release|iPhoneSimulator
		{BB55B610-5586-412C-ACA2-1BC569B88943}.Release|Any CPU.Build.0 = Release|iPhoneSimulator
		{BB55B610-5586-412C-ACA2-1BC569B88943}.Release|Any CPU.Deploy.0 = Release|iPhoneSimulator
		{BB55B610-5586-412C-ACA2-1BC569B88943}.Release|ARM.ActiveCfg = Release|iPhoneSimulator
		{BB55B610-5586-412C-ACA2-1BC569B88943}.Release|ARM.Build.0 = Release|iPhoneSimulator
		{BB55B610-5586-412C-ACA2-1BC569B88943}.Release|ARM.Deploy.0 = Release|iPhoneSimulator
		{BB55B610-5586-412C-ACA2-1BC569B88943}.Release|iPhone.ActiveCfg = Release|iPhone
		{BB55B610-5586-412C-ACA2-1BC569B88943}.Release|iPhone.Build.0 = Release|iPhone
		{BB55B610-5586-412C-ACA2-1BC569B88943}.Release|iPhone.Deploy.0 = Release|iPhone
		{BB55B610-5586-412C-ACA2-1BC569B88943}.Release|iPhoneSimulator.ActiveCfg = Release|iPhoneSimulator
		{BB55B610-5586-412C-ACA2-1BC569B88943}.Release|iPhoneSimulator.Build.0 = Release|iPhoneSimulator
		{BB55B610-5586-412C-ACA2-1BC569B88943}.Release|iPhoneSimulator.Deploy.0 = Release|iPhoneSimulator
		{BB55B610-5586-412C-ACA2-1BC569B88943}.Release|x64.ActiveCfg = Release|iPhoneSimulator
		{BB55B610-5586-412C-ACA2-1BC569B88943}.Release|x64.Build.0 = Release|iPhoneSimulator
		{BB55B610-5586-412C-ACA2-1BC569B88943}.Release|x64.Deploy.0 = Release|iPhoneSimulator
		{BB55B610-5586-412C-ACA2-1BC569B88943}.Release|x86.ActiveCfg = Release|iPhoneSimulator
		{BB55B610-5586-412C-ACA2-1BC569B88943}.Release|x86.Build.0 = Release|iPhoneSimulator
		{BB55B610-5586-412C-ACA2-1BC569B88943}.Release|x86.Deploy.0 = Release|iPhoneSimulator
		{FD4E6051-F2B4-4776-9AC4-E7F296C86813}.Debug|Any CPU.ActiveCfg = Debug|Any CPU
		{FD4E6051-F2B4-4776-9AC4-E7F296C86813}.Debug|Any CPU.Build.0 = Debug|Any CPU
		{FD4E6051-F2B4-4776-9AC4-E7F296C86813}.Debug|Any CPU.Deploy.0 = Debug|Any CPU
		{FD4E6051-F2B4-4776-9AC4-E7F296C86813}.Debug|ARM.ActiveCfg = Debug|Any CPU
		{FD4E6051-F2B4-4776-9AC4-E7F296C86813}.Debug|ARM.Build.0 = Debug|Any CPU
		{FD4E6051-F2B4-4776-9AC4-E7F296C86813}.Debug|ARM.Deploy.0 = Debug|Any CPU
		{FD4E6051-F2B4-4776-9AC4-E7F296C86813}.Debug|iPhone.ActiveCfg = Debug|Any CPU
		{FD4E6051-F2B4-4776-9AC4-E7F296C86813}.Debug|iPhone.Build.0 = Debug|Any CPU
		{FD4E6051-F2B4-4776-9AC4-E7F296C86813}.Debug|iPhone.Deploy.0 = Debug|Any CPU
		{FD4E6051-F2B4-4776-9AC4-E7F296C86813}.Debug|iPhoneSimulator.ActiveCfg = Debug|Any CPU
		{FD4E6051-F2B4-4776-9AC4-E7F296C86813}.Debug|iPhoneSimulator.Build.0 = Debug|Any CPU
		{FD4E6051-F2B4-4776-9AC4-E7F296C86813}.Debug|iPhoneSimulator.Deploy.0 = Debug|Any CPU
		{FD4E6051-F2B4-4776-9AC4-E7F296C86813}.Debug|x64.ActiveCfg = Debug|Any CPU
		{FD4E6051-F2B4-4776-9AC4-E7F296C86813}.Debug|x64.Build.0 = Debug|Any CPU
		{FD4E6051-F2B4-4776-9AC4-E7F296C86813}.Debug|x64.Deploy.0 = Debug|Any CPU
		{FD4E6051-F2B4-4776-9AC4-E7F296C86813}.Debug|x86.ActiveCfg = Debug|Any CPU
		{FD4E6051-F2B4-4776-9AC4-E7F296C86813}.Debug|x86.Build.0 = Debug|Any CPU
		{FD4E6051-F2B4-4776-9AC4-E7F296C86813}.Debug|x86.Deploy.0 = Debug|Any CPU
		{FD4E6051-F2B4-4776-9AC4-E7F296C86813}.Release|Any CPU.ActiveCfg = Release|Any CPU
		{FD4E6051-F2B4-4776-9AC4-E7F296C86813}.Release|Any CPU.Build.0 = Release|Any CPU
		{FD4E6051-F2B4-4776-9AC4-E7F296C86813}.Release|Any CPU.Deploy.0 = Release|Any CPU
		{FD4E6051-F2B4-4776-9AC4-E7F296C86813}.Release|ARM.ActiveCfg = Release|Any CPU
		{FD4E6051-F2B4-4776-9AC4-E7F296C86813}.Release|ARM.Build.0 = Release|Any CPU
		{FD4E6051-F2B4-4776-9AC4-E7F296C86813}.Release|ARM.Deploy.0 = Release|Any CPU
		{FD4E6051-F2B4-4776-9AC4-E7F296C86813}.Release|iPhone.ActiveCfg = Release|Any CPU
		{FD4E6051-F2B4-4776-9AC4-E7F296C86813}.Release|iPhone.Build.0 = Release|Any CPU
		{FD4E6051-F2B4-4776-9AC4-E7F296C86813}.Release|iPhone.Deploy.0 = Release|Any CPU
		{FD4E6051-F2B4-4776-9AC4-E7F296C86813}.Release|iPhoneSimulator.ActiveCfg = Release|Any CPU
		{FD4E6051-F2B4-4776-9AC4-E7F296C86813}.Release|iPhoneSimulator.Build.0 = Release|Any CPU
		{FD4E6051-F2B4-4776-9AC4-E7F296C86813}.Release|iPhoneSimulator.Deploy.0 = Release|Any CPU
		{FD4E6051-F2B4-4776-9AC4-E7F296C86813}.Release|x64.ActiveCfg = Release|Any CPU
		{FD4E6051-F2B4-4776-9AC4-E7F296C86813}.Release|x64.Build.0 = Release|Any CPU
		{FD4E6051-F2B4-4776-9AC4-E7F296C86813}.Release|x64.Deploy.0 = Release|Any CPU
		{FD4E6051-F2B4-4776-9AC4-E7F296C86813}.Release|x86.ActiveCfg = Release|Any CPU
		{FD4E6051-F2B4-4776-9AC4-E7F296C86813}.Release|x86.Build.0 = Release|Any CPU
		{FD4E6051-F2B4-4776-9AC4-E7F296C86813}.Release|x86.Deploy.0 = Release|Any CPU
	EndGlobalSection
	GlobalSection(SolutionProperties) = preSolution
		HideSolutionNode = FALSE
	EndGlobalSection
	GlobalSection(ExtensibilityGlobals) = postSolution
		SolutionGuid = {7169DFFB-1D84-47A3-B491-E0F1FFB70A3F}
	EndGlobalSection
EndGlobal
